
Microsoft Visual Studio Solution File, Format Version 12.00
# Visual Studio 2012
Project("{8BC9CEB8-8B4A-11D0-8D11-00A0C91BC942}") = "UnitTest", "UnitTest\UnitTest.vcxproj", "{CF2FA8D6-794C-4CAD-927C-99033A754FCF}"
EndProject
Project("{8BC9CEB8-8B4A-11D0-8D11-00A0C91BC942}") = "TaskPad_exe", "TaskPad_exe\TaskPad_exe.vcxproj", "{C35BB46E-DC31-4917-ADD2-E6414815E5FF}"
EndProject
Project("{8BC9CEB8-8B4A-11D0-8D11-00A0C91BC942}") = "TaskPad_library", "TaskPad_library\TaskPad_library.vcxproj", "{B12702AD-ABFB-343A-A199-8E24837244A3}"
EndProject
Project("{2150E333-8FDC-42A3-9474-1A3956D46DE8}") = "Solution Items", "Solution Items", "{FB9E065C-FF3C-42CE-A0A8-D4F646458D6C}"
	ProjectSection(SolutionItems) = preProject
		TaskPad_library\Database_List.h = TaskPad_library\Database_List.h
	EndProjectSection
EndProject
Global
	GlobalSection(SolutionConfigurationPlatforms) = preSolution
		Debug|Win32 = Debug|Win32
		Debug|x64 = Debug|x64
		Release|Win32 = Release|Win32
		Release|x64 = Release|x64
	EndGlobalSection
	GlobalSection(ProjectConfigurationPlatforms) = postSolution
		{CF2FA8D6-794C-4CAD-927C-99033A754FCF}.Debug|Win32.ActiveCfg = Debug|Win32
		{CF2FA8D6-794C-4CAD-927C-99033A754FCF}.Debug|Win32.Build.0 = Debug|Win32
		{CF2FA8D6-794C-4CAD-927C-99033A754FCF}.Debug|x64.ActiveCfg = Debug|Win32
		{CF2FA8D6-794C-4CAD-927C-99033A754FCF}.Release|Win32.ActiveCfg = Release|Win32
		{CF2FA8D6-794C-4CAD-927C-99033A754FCF}.Release|Win32.Build.0 = Release|Win32
		{CF2FA8D6-794C-4CAD-927C-99033A754FCF}.Release|x64.ActiveCfg = Release|Win32
		{C35BB46E-DC31-4917-ADD2-E6414815E5FF}.Debug|Win32.ActiveCfg = Debug|Win32
		{C35BB46E-DC31-4917-ADD2-E6414815E5FF}.Debug|Win32.Build.0 = Debug|Win32
		{C35BB46E-DC31-4917-ADD2-E6414815E5FF}.Debug|x64.ActiveCfg = Debug|Win32
		{C35BB46E-DC31-4917-ADD2-E6414815E5FF}.Release|Win32.ActiveCfg = Release|Win32
		{C35BB46E-DC31-4917-ADD2-E6414815E5FF}.Release|Win32.Build.0 = Release|Win32
		{C35BB46E-DC31-4917-ADD2-E6414815E5FF}.Release|x64.ActiveCfg = Release|Win32
		{B12702AD-ABFB-343A-A199-8E24837244A3}.Debug|Win32.ActiveCfg = Debug|Win32
		{B12702AD-ABFB-343A-A199-8E24837244A3}.Debug|Win32.Build.0 = Debug|Win32
		{B12702AD-ABFB-343A-A199-8E24837244A3}.Debug|x64.ActiveCfg = Debug|Win32
		{B12702AD-ABFB-343A-A199-8E24837244A3}.Release|Win32.ActiveCfg = Release|Win32
		{B12702AD-ABFB-343A-A199-8E24837244A3}.Release|Win32.Build.0 = Release|Win32
		{B12702AD-ABFB-343A-A199-8E24837244A3}.Release|x64.ActiveCfg = Release|Win32
	EndGlobalSection
	GlobalSection(SolutionProperties) = preSolution
		HideSolutionNode = FALSE
	EndGlobalSection
	GlobalSection(ExtensibilityGlobals) = postSolution
		Qt5Version = $(DefaultQtVersion)
	EndGlobalSection
EndGlobal
