<?xml version="1.0" encoding="utf-8"?>
<Project ToolsVersion="4.0" xmlns="http://schemas.microsoft.com/developer/msbuild/2003">
  <ItemGroup>
    <Filter Include="Source Files">
      <UniqueIdentifier>{4FC737F1-C7A5-4376-A066-2A32D752A2FF}</UniqueIdentifier>
      <Extensions>cpp;cxx;c;def</Extensions>
    </Filter>
    <Filter Include="Form Files">
      <UniqueIdentifier>{99349809-55BA-4b9d-BF79-8FDBB0286EB3}</UniqueIdentifier>
      <Extensions>ui</Extensions>
    </Filter>
    <Filter Include="Resource Files">
      <UniqueIdentifier>{D9D6E242-F8AF-46E4-B9FD-80ECBC20BA3E}</UniqueIdentifier>
      <Extensions>qrc;*</Extensions>
      <ParseFiles>false</ParseFiles>
    </Filter>
    <Filter Include="Generated Files">
      <UniqueIdentifier>{71ED8ED8-ACB9-4CE9-BBE1-E00B30144E11}</UniqueIdentifier>
      <Extensions>moc;h;cpp</Extensions>
      <SourceControlFiles>False</SourceControlFiles>
    </Filter>
    <Filter Include="Generated Files\Debug">
      <UniqueIdentifier>{b899d1fd-66b7-4b63-89b4-9c4ab2fca889}</UniqueIdentifier>
      <Extensions>cpp;moc</Extensions>
      <SourceControlFiles>False</SourceControlFiles>
    </Filter>
    <Filter Include="Generated Files\Release">
      <UniqueIdentifier>{5b189dd2-8056-40d2-910d-ce740bc04782}</UniqueIdentifier>
      <Extensions>cpp;moc</Extensions>
      <SourceControlFiles>False</SourceControlFiles>
    </Filter>
    <Filter Include="Header Files">
      <UniqueIdentifier>{93995380-89BD-4b04-88EB-625FBE52EBFB}</UniqueIdentifier>
      <Extensions>h</Extensions>
    </Filter>
    <Filter Include="Header Files\UI_Related">
      <UniqueIdentifier>{eee47b10-d33d-4fd5-b05a-72464bd27092}</UniqueIdentifier>
    </Filter>
    <Filter Include="Header Files\Commons">
      <UniqueIdentifier>{710cc4a4-9710-4e50-a23a-cb987f47e377}</UniqueIdentifier>
    </Filter>
    <Filter Include="Header Files\Logic_Related">
      <UniqueIdentifier>{2db719eb-6e8d-42f9-bbf6-9cbb51ab4b4d}</UniqueIdentifier>
    </Filter>
    <Filter Include="Header Files\Logic_Related\Interpreter_Derived">
      <UniqueIdentifier>{683fd5ae-bb0c-48f0-954f-7ac18ecb0d70}</UniqueIdentifier>
    </Filter>
    <Filter Include="Header Files\Commons\Command_Derived">
      <UniqueIdentifier>{9fbe50e4-8afa-4c3e-8867-831ef26dc125}</UniqueIdentifier>
    </Filter>
    <Filter Include="Header Files\Logic_Related\FileHandler_Derived">
      <UniqueIdentifier>{7b485a75-0253-449e-9de7-3009f8cbd719}</UniqueIdentifier>
    </Filter>
    <Filter Include="3rd_Parties">
      <UniqueIdentifier>{d13af732-1d86-40d8-b5ff-a48a7dae78ed}</UniqueIdentifier>
    </Filter>
    <Filter Include="3rd_Parties\libqxt">
      <UniqueIdentifier>{97252c11-83c8-492d-ac61-cb21734b7bc4}</UniqueIdentifier>
    </Filter>
    <Filter Include="Source Files\UI_Related">
      <UniqueIdentifier>{26fcbdbf-1447-4026-a145-1608895d4d2a}</UniqueIdentifier>
    </Filter>
    <Filter Include="Source Files\Logic_Related">
      <UniqueIdentifier>{8a7b8b69-afc1-47fe-b824-f371bb383cec}</UniqueIdentifier>
    </Filter>
    <Filter Include="Source Files\Commons">
      <UniqueIdentifier>{e473d84b-ad01-4526-a166-7020955ece29}</UniqueIdentifier>
    </Filter>
    <Filter Include="Source Files\Logic_Related\FileHandler_Derived">
      <UniqueIdentifier>{8afacf71-fd37-4a64-b102-77784bb31772}</UniqueIdentifier>
    </Filter>
    <Filter Include="Header Files\Commons\Datastore_Derived">
      <UniqueIdentifier>{ff3d25fe-b1bd-48e0-a045-d5758f344cd3}</UniqueIdentifier>
    </Filter>
    <Filter Include="Header Files\Logic_Related\Executor_Derived">
      <UniqueIdentifier>{42b5f5e0-5e97-4cca-9bad-8936b9d5517f}</UniqueIdentifier>
    </Filter>
    <Filter Include="Source Files\Logic_Related\Executor_Derived">
      <UniqueIdentifier>{f0c14839-e154-463e-acd1-17dbff5c8c7d}</UniqueIdentifier>
    </Filter>
  </ItemGroup>
  <ItemGroup>
    <CustomBuild Include="mainwindow.ui">
      <Filter>Form Files</Filter>
    </CustomBuild>
    <CustomBuild Include="libqxt\qxtglobalshortcut.h">
      <Filter>3rd_Parties\libqxt</Filter>
    </CustomBuild>
    <CustomBuild Include="quickadd_window.ui">
      <Filter>Form Files</Filter>
    </CustomBuild>
    <CustomBuild Include="images.qrc">
      <Filter>Resource Files</Filter>
    </CustomBuild>
    <CustomBuild Include="CommandBar.h">
      <Filter>Header Files\UI_Related</Filter>
    </CustomBuild>
    <CustomBuild Include="Highlighter.h">
      <Filter>Header Files\UI_Related</Filter>
    </CustomBuild>
    <CustomBuild Include="ListItemDelegate.h">
      <Filter>Header Files\UI_Related</Filter>
    </CustomBuild>
    <CustomBuild Include="QuickAddWindow.h">
      <Filter>Header Files\UI_Related</Filter>
    </CustomBuild>
    <CustomBuild Include="MainWindow.h">
      <Filter>Header Files\UI_Related</Filter>
    </CustomBuild>
  </ItemGroup>
  <ItemGroup>
    <ClInclude Include="GeneratedFiles\ui_mainwindow.h">
      <Filter>Generated Files</Filter>
    </ClInclude>
    <ClInclude Include="libqxt\qxtglobal.h">
      <Filter>3rd_Parties\libqxt</Filter>
    </ClInclude>
    <ClInclude Include="libqxt\qxtglobalshortcut_p.h">
      <Filter>3rd_Parties\libqxt</Filter>
    </ClInclude>
    <ClInclude Include="GeneratedFiles\ui_quickadd_window.h">
      <Filter>Generated Files</Filter>
    </ClInclude>
    <ClInclude Include="Command_Add.h">
      <Filter>Header Files\Commons\Command_Derived</Filter>
    </ClInclude>
    <ClInclude Include="Command_Del.h">
      <Filter>Header Files\Commons\Command_Derived</Filter>
    </ClInclude>
    <ClInclude Include="Command_Find.h">
      <Filter>Header Files\Commons\Command_Derived</Filter>
    </ClInclude>
    <ClInclude Include="Command_Mod.h">
      <Filter>Header Files\Commons\Command_Derived</Filter>
    </ClInclude>
    <ClInclude Include="Command_Redo.h">
      <Filter>Header Files\Commons\Command_Derived</Filter>
    </ClInclude>
    <ClInclude Include="Command_Sync.h">
      <Filter>Header Files\Commons\Command_Derived</Filter>
    </ClInclude>
    <ClInclude Include="Command_Undo.h">
      <Filter>Header Files\Commons\Command_Derived</Filter>
    </ClInclude>
    <ClInclude Include="Interpreter_Add.h">
      <Filter>Header Files\Logic_Related\Interpreter_Derived</Filter>
    </ClInclude>
    <ClInclude Include="Interpreter_Delete.h">
      <Filter>Header Files\Logic_Related\Interpreter_Derived</Filter>
    </ClInclude>
    <ClInclude Include="Interpreter_Find.h">
      <Filter>Header Files\Logic_Related\Interpreter_Derived</Filter>
    </ClInclude>
    <ClInclude Include="Interpreter_Mod.h">
      <Filter>Header Files\Logic_Related\Interpreter_Derived</Filter>
    </ClInclude>
    <ClInclude Include="Interpreter_Redo.h">
      <Filter>Header Files\Logic_Related\Interpreter_Derived</Filter>
    </ClInclude>
    <ClInclude Include="Interpreter_Sync.h">
      <Filter>Header Files\Logic_Related\Interpreter_Derived</Filter>
    </ClInclude>
    <ClInclude Include="Interpreter_Undo.h">
      <Filter>Header Files\Logic_Related\Interpreter_Derived</Filter>
    </ClInclude>
    <ClInclude Include="Command.h">
      <Filter>Header Files\Commons</Filter>
    </ClInclude>
    <ClInclude Include="Enum.h">
      <Filter>Header Files\Commons</Filter>
    </ClInclude>
    <ClInclude Include="Executor.h">
      <Filter>Header Files\Logic_Related</Filter>
    </ClInclude>
    <ClInclude Include="Interpreter.h">
      <Filter>Header Files\Logic_Related</Filter>
    </ClInclude>
    <ClInclude Include="Logger.h">
      <Filter>Header Files\Logic_Related</Filter>
    </ClInclude>
    <ClInclude Include="Manager.h">
      <Filter>Header Files\Logic_Related</Filter>
    </ClInclude>
    <ClInclude Include="Messenger.h">
      <Filter>Header Files\Commons</Filter>
    </ClInclude>
    <ClInclude Include="Storage.h">
      <Filter>Header Files\Logic_Related</Filter>
    </ClInclude>
    <ClInclude Include="Task.h">
      <Filter>Header Files\Commons</Filter>
    </ClInclude>
    <ClInclude Include="TaskLoader.h">
      <Filter>Header Files\Logic_Related\FileHandler_Derived</Filter>
    </ClInclude>
    <ClInclude Include="TaskLoaderText.h">
      <Filter>Header Files\Logic_Related\FileHandler_Derived</Filter>
    </ClInclude>
    <ClInclude Include="TaskSaver.h">
      <Filter>Header Files\Logic_Related\FileHandler_Derived</Filter>
    </ClInclude>
    <ClInclude Include="TaskSaverText.h">
      <Filter>Header Files\Logic_Related\FileHandler_Derived</Filter>
    </ClInclude>
    <ClInclude Include="Interpreter_base.h">
      <Filter>Header Files\Logic_Related</Filter>
    </ClInclude>
    <ClInclude Include="TaskFileHandler.h">
      <Filter>Header Files\Logic_Related</Filter>
    </ClInclude>
    <ClInclude Include="Datastore_Base.h">
      <Filter>Header Files\Commons</Filter>
    </ClInclude>
    <ClInclude Include="Datastore_List.h">
      <Filter>Header Files\Commons\Datastore_Derived</Filter>
    </ClInclude>
    <ClInclude Include="StorableTaskDatastore.h">
      <Filter>Header Files\Commons</Filter>
    </ClInclude>
    <ClInclude Include="Datastore.h">
      <Filter>Header Files\Commons</Filter>
    </ClInclude>
    <ClInclude Include="Executor_Add.h">
      <Filter>Header Files\Logic_Related\Executor_Derived</Filter>
    </ClInclude>
    <ClInclude Include="Executor_Del.h">
      <Filter>Header Files\Logic_Related\Executor_Derived</Filter>
    </ClInclude>
    <ClInclude Include="Executor_Find.h">
      <Filter>Header Files\Logic_Related\Executor_Derived</Filter>
    </ClInclude>
    <ClInclude Include="Executor_Mod.h">
      <Filter>Header Files\Logic_Related\Executor_Derived</Filter>
    </ClInclude>
    <ClInclude Include="Executor_Redo.h">
      <Filter>Header Files\Logic_Related\Executor_Derived</Filter>
    </ClInclude>
    <ClInclude Include="Executor_Undo.h">
      <Filter>Header Files\Logic_Related\Executor_Derived</Filter>
    </ClInclude>
    <ClInclude Include="Executor_Base.h">
      <Filter>Header Files\Logic_Related</Filter>
    </ClInclude>
    <ClInclude Include="Natty.h">
      <Filter>Header Files\Logic_Related</Filter>
    </ClInclude>
    <ClInclude Include="DateTimeParser.h">
      <Filter>Header Files\Logic_Related</Filter>
    </ClInclude>
  </ItemGroup>
  <ItemGroup>
    <ClCompile Include="GeneratedFiles\Debug\moc_CommandBar.cpp">
      <Filter>Generated Files\Debug</Filter>
    </ClCompile>
    <ClCompile Include="GeneratedFiles\Release\moc_CommandBar.cpp">
      <Filter>Generated Files\Release</Filter>
    </ClCompile>
    <ClCompile Include="GeneratedFiles\Debug\moc_Highlighter.cpp">
      <Filter>Generated Files\Debug</Filter>
    </ClCompile>
    <ClCompile Include="GeneratedFiles\Release\moc_Highlighter.cpp">
      <Filter>Generated Files\Release</Filter>
    </ClCompile>
    <ClCompile Include="libqxt\qxtglobalshortcut.cpp">
      <Filter>3rd_Parties\libqxt</Filter>
    </ClCompile>
    <ClCompile Include="GeneratedFiles\Debug\moc_qxtglobalshortcut.cpp">
      <Filter>Generated Files\Debug</Filter>
    </ClCompile>
    <ClCompile Include="GeneratedFiles\Release\moc_qxtglobalshortcut.cpp">
      <Filter>Generated Files\Release</Filter>
    </ClCompile>
    <ClCompile Include="libqxt\qxtglobalshortcut_win.cpp">
      <Filter>3rd_Parties\libqxt</Filter>
    </ClCompile>
    <ClCompile Include="GeneratedFiles\qrc_images.cpp">
      <Filter>Generated Files</Filter>
    </ClCompile>
    <ClCompile Include="GeneratedFiles\Debug\moc_ListItemDelegate.cpp">
      <Filter>Generated Files\Debug</Filter>
    </ClCompile>
    <ClCompile Include="GeneratedFiles\Release\moc_ListItemDelegate.cpp">
      <Filter>Generated Files\Release</Filter>
    </ClCompile>
    <ClCompile Include="Command.cpp">
      <Filter>Source Files\Commons</Filter>
    </ClCompile>
    <ClCompile Include="CommandBar.cpp">
      <Filter>Source Files\UI_Related</Filter>
    </ClCompile>
    <ClCompile Include="Executor.cpp">
      <Filter>Source Files\Logic_Related</Filter>
    </ClCompile>
    <ClCompile Include="Interpreter.cpp">
      <Filter>Source Files\Logic_Related</Filter>
    </ClCompile>
    <ClCompile Include="Interpreter_base.cpp">
      <Filter>Source Files\Logic_Related</Filter>
    </ClCompile>
    <ClCompile Include="ListItemDelegate.cpp">
      <Filter>Source Files\UI_Related</Filter>
    </ClCompile>
    <ClCompile Include="Logger.cpp">
      <Filter>Source Files\Logic_Related</Filter>
    </ClCompile>
    <ClCompile Include="Manager.cpp">
      <Filter>Source Files\Logic_Related</Filter>
    </ClCompile>
    <ClCompile Include="Messenger.cpp">
      <Filter>Source Files\Commons</Filter>
    </ClCompile>
    <ClCompile Include="Storage.cpp">
      <Filter>Source Files\Logic_Related</Filter>
    </ClCompile>
    <ClCompile Include="Task.cpp">
      <Filter>Source Files\Commons</Filter>
    </ClCompile>
    <ClCompile Include="TaskSaverText.cpp">
      <Filter>Source Files\Logic_Related\FileHandler_Derived</Filter>
    </ClCompile>
    <ClCompile Include="TaskLoaderText.cpp">
      <Filter>Source Files\Logic_Related\FileHandler_Derived</Filter>
    </ClCompile>
    <ClCompile Include="QuickAddWindow.cpp">
      <Filter>Source Files\UI_Related</Filter>
    </ClCompile>
    <ClCompile Include="GeneratedFiles\Debug\moc_QuickAddWindow.cpp">
      <Filter>Generated Files\Debug</Filter>
    </ClCompile>
    <ClCompile Include="GeneratedFiles\Release\moc_QuickAddWindow.cpp">
      <Filter>Generated Files\Release</Filter>
    </ClCompile>
    <ClCompile Include="MainWindow.cpp">
      <Filter>Source Files\UI_Related</Filter>
    </ClCompile>
    <ClCompile Include="GeneratedFiles\Debug\moc_MainWindow.cpp">
      <Filter>Generated Files\Debug</Filter>
    </ClCompile>
    <ClCompile Include="GeneratedFiles\Release\moc_MainWindow.cpp">
      <Filter>Generated Files\Release</Filter>
    </ClCompile>
    <ClCompile Include="TaskFileHandler.cpp">
      <Filter>Source Files\Logic_Related</Filter>
    </ClCompile>
    <ClCompile Include="Datastore_List.cpp">
      <Filter>Source Files\Commons</Filter>
    </ClCompile>
    <ClCompile Include="Datastore.cpp">
      <Filter>Source Files\Commons</Filter>
    </ClCompile>
    <ClCompile Include="Executor_Base.cpp">
      <Filter>Source Files\Logic_Related</Filter>
    </ClCompile>
    <ClCompile Include="Executor_Add.cpp">
      <Filter>Source Files\Logic_Related\Executor_Derived</Filter>
    </ClCompile>
    <ClCompile Include="Executor_Mod.cpp">
      <Filter>Source Files\Logic_Related\Executor_Derived</Filter>
    </ClCompile>
    <ClCompile Include="Executor_Del.cpp">
      <Filter>Source Files\Logic_Related\Executor_Derived</Filter>
    </ClCompile>
    <ClCompile Include="Executor_Find.cpp">
      <Filter>Source Files\Logic_Related\Executor_Derived</Filter>
    </ClCompile>
    <ClCompile Include="Executor_Undo.cpp">
      <Filter>Source Files\Logic_Related\Executor_Derived</Filter>
    </ClCompile>
    <ClCompile Include="Executor_Redo.cpp">
      <Filter>Source Files\Logic_Related\Executor_Derived</Filter>
    </ClCompile>
    <ClCompile Include="Natty.cpp">
      <Filter>Source Files\Logic_Related</Filter>
    </ClCompile>
    <ClCompile Include="Highlighter.cpp">
      <Filter>Source Files</Filter>
    </ClCompile>
  </ItemGroup>
</Project>