<?xml version="1.0" encoding="utf-8"?>
<Project ToolsVersion="4.0" xmlns="http://schemas.microsoft.com/developer/msbuild/2003">
  <ItemGroup>
    <Filter Include="Source Files">
      <UniqueIdentifier>{4FC737F1-C7A5-4376-A066-2A32D752A2FF}</UniqueIdentifier>
      <Extensions>cpp;cxx;c;def</Extensions>
      <ParseFiles>true</ParseFiles>
    </Filter>
    <Filter Include="natty">
      <UniqueIdentifier>{5b32eeb3-616c-4326-b20d-811e217e7083}</UniqueIdentifier>
    </Filter>
    <Filter Include="natty\Source Files">
      <UniqueIdentifier>{91904462-dcf2-4c96-b27b-5b9334fb0132}</UniqueIdentifier>
    </Filter>
    <Filter Include="natty\Header Files">
      <UniqueIdentifier>{b7ef5d6a-5cc7-474f-81e5-1b2493928c9e}</UniqueIdentifier>
    </Filter>
    <Filter Include="Icon">
      <UniqueIdentifier>{01ec733f-2566-44ba-974c-33619961afc7}</UniqueIdentifier>
    </Filter>
  </ItemGroup>
  <ItemGroup>
    <ClCompile Include="main.cpp">
      <Filter>Source Files</Filter>
    </ClCompile>
    <ClCompile Include="Natty.cpp">
      <Filter>natty\Source Files</Filter>
    </ClCompile>
  </ItemGroup>
  <ItemGroup>
    <ClInclude Include="Natty.h">
      <Filter>natty\Header Files</Filter>
    </ClInclude>
  </ItemGroup>
  <ItemGroup>
    <Image Include="Icon.ico">
      <Filter>Icon</Filter>
    </Image>
  </ItemGroup>
  <ItemGroup>
    <ResourceCompile Include="Icon.rc">
      <Filter>Icon</Filter>
    </ResourceCompile>
  </ItemGroup>
</Project>